
Microsoft Visual Studio Solution File, Format Version 12.00
# Visual Studio 15
VisualStudioVersion = 15.0.27130.2026
MinimumVisualStudioVersion = 10.0.40219.1
Project("{9A19103F-16F7-4668-BE54-9A1E7A4F7556}") = "TwitchLib.Client", "TwitchLib.Client\TwitchLib.Client.csproj", "{44B88EFA-1500-4005-AF27-A9BCB9DD79C1}"
EndProject
Project("{FAE04EC0-301F-11D3-BF4B-00C04F79EFBC}") = "TwitchLib.Client.Test", "TwitchLib.Client.Test\TwitchLib.Client.Test.csproj", "{FBC77918-103C-4820-89C8-89C9B3D17ECC}"
EndProject
Global
	GlobalSection(SolutionConfigurationPlatforms) = preSolution
		Debug|Any CPU = Debug|Any CPU
		Release|Any CPU = Release|Any CPU
	EndGlobalSection
	GlobalSection(ProjectConfigurationPlatforms) = postSolution
		{44B88EFA-1500-4005-AF27-A9BCB9DD79C1}.Debug|Any CPU.ActiveCfg = Debug|Any CPU
		{44B88EFA-1500-4005-AF27-A9BCB9DD79C1}.Debug|Any CPU.Build.0 = Debug|Any CPU
		{44B88EFA-1500-4005-AF27-A9BCB9DD79C1}.Release|Any CPU.ActiveCfg = Release|Any CPU
		{44B88EFA-1500-4005-AF27-A9BCB9DD79C1}.Release|Any CPU.Build.0 = Release|Any CPU
		{FBC77918-103C-4820-89C8-89C9B3D17ECC}.Debug|Any CPU.ActiveCfg = Debug|Any CPU
		{FBC77918-103C-4820-89C8-89C9B3D17ECC}.Debug|Any CPU.Build.0 = Debug|Any CPU
		{FBC77918-103C-4820-89C8-89C9B3D17ECC}.Release|Any CPU.ActiveCfg = Release|Any CPU
		{FBC77918-103C-4820-89C8-89C9B3D17ECC}.Release|Any CPU.Build.0 = Release|Any CPU
	EndGlobalSection
	GlobalSection(SolutionProperties) = preSolution
		HideSolutionNode = FALSE
	EndGlobalSection
	GlobalSection(ExtensibilityGlobals) = postSolution
		SolutionGuid = {019DD8EE-F4C0-4687-AD7C-FFBB0C8B5DA6}
	EndGlobalSection
EndGlobal
